{
  "name": "@tsdl/example-common",
  "version": "0.0.0",
  "lockfileVersion": 2,
  "requires": true,
  "packages": {
    "": {
      "name": "@tsdl/example-common",
      "version": "0.0.0",
      "license": "MIT",
      "dependencies": {
        "@tsdl/core": "file:../../packages/core",
        "@tsdl/server": "file:../../packages/server",
        "zod": "^3.21.4"
      }
    },
    "../../packages/core": {
      "name": "@tsdl/core",
      "version": "0.2.6",
      "license": "MIT",
      "devDependencies": {
        "typescript": "^5.0.4"
      }
    },
    "../../packages/server": {
      "name": "@tsdl/server",
      "version": "0.2.6",
      "license": "MIT",
      "dependencies": {
        "@tsdl/core": "^0.2.6"
      }
    },
    "node_modules/@tsdl/core": {
      "resolved": "../../packages/core",
      "link": true
    },
    "node_modules/@tsdl/server": {
      "resolved": "../../packages/server",
      "link": true
    },
    "node_modules/zod": {
      "version": "3.21.4",
      "resolved": "https://registry.npmjs.org/zod/-/zod-3.21.4.tgz",
      "integrity": "sha512-m46AKbrzKVzOzs/DZgVnG5H55N1sv1M8qZU3A8RIKbs3mrACDNeIOeilDymVb2HdmP8uwshOCF4uJ8uM9rCqJw==",
      "funding": {
        "url": "https://github.com/sponsors/colinhacks"
      }
    }
  },
  "dependencies": {
    "@tsdl/core": {
      "version": "file:../../packages/core",
      "requires": {
        "typescript": "^5.0.4"
      }
    },
    "@tsdl/server": {
      "version": "file:../../packages/server",
      "requires": {
        "@tsdl/core": "^0.2.6"
      }
    },
    "zod": {
      "version": "3.21.4",
      "resolved": "https://registry.npmjs.org/zod/-/zod-3.21.4.tgz",
      "integrity": "sha512-m46AKbrzKVzOzs/DZgVnG5H55N1sv1M8qZU3A8RIKbs3mrACDNeIOeilDymVb2HdmP8uwshOCF4uJ8uM9rCqJw=="
    }
  }
}
